
Microsoft Visual Studio Solution File, Format Version 12.00
# Visual Studio Version 16
VisualStudioVersion = 16.0.29102.190
MinimumVisualStudioVersion = 10.0.40219.1
Project("{FAE04EC0-301F-11D3-BF4B-00C04F79EFBC}") = "WebMVCApp", "WebMVCApp.csproj", "{F9B0787F-0EC6-4713-8D56-8552BC34AD06}"
EndProject
Global
	GlobalSection(SolutionConfigurationPlatforms) = preSolution
		Debug|Any CPU = Debug|Any CPU
		Release|Any CPU = Release|Any CPU
	EndGlobalSection
	GlobalSection(ProjectConfigurationPlatforms) = postSolution
		{F9B0787F-0EC6-4713-8D56-8552BC34AD06}.Debug|Any CPU.ActiveCfg = Debug|Any CPU
		{F9B0787F-0EC6-4713-8D56-8552BC34AD06}.Debug|Any CPU.Build.0 = Debug|Any CPU
		{F9B0787F-0EC6-4713-8D56-8552BC34AD06}.Release|Any CPU.ActiveCfg = Release|Any CPU
		{F9B0787F-0EC6-4713-8D56-8552BC34AD06}.Release|Any CPU.Build.0 = Release|Any CPU
	EndGlobalSection
	GlobalSection(SolutionProperties) = preSolution
		HideSolutionNode = FALSE
	EndGlobalSection
	GlobalSection(ExtensibilityGlobals) = postSolution
		SolutionGuid = {75986441-4D10-45AB-91CA-70205C53E781}
	EndGlobalSection
EndGlobal
